// !$*UTF8*$!
{
	archiveVersion = 1;
	classes = {
	};
	objectVersion = 52;
	objects = {

/* Begin PBXBuildFile section */
		7744E2DE9B8E3BED6CA457B1 /* Pods_MySchedule_MyScheduleUITests.framework in Frameworks */ = {isa = PBXBuildFile; fileRef = 40005FD473D2419FC061F372 /* Pods_MySchedule_MyScheduleUITests.framework */; };
		810AE2A4411D6384C4256CBE /* Pods_MySchedule.framework in Frameworks */ = {isa = PBXBuildFile; fileRef = 6E523541CF714C46245C0D6E /* Pods_MySchedule.framework */; };
		B514060826A307EE00623AED /* AppDelegate.swift in Sources */ = {isa = PBXBuildFile; fileRef = B514060726A307EE00623AED /* AppDelegate.swift */; };
		B514060A26A307EE00623AED /* SceneDelegate.swift in Sources */ = {isa = PBXBuildFile; fileRef = B514060926A307EE00623AED /* SceneDelegate.swift */; };
		B514060C26A307EE00623AED /* MainTabBarController.swift in Sources */ = {isa = PBXBuildFile; fileRef = B514060B26A307EE00623AED /* MainTabBarController.swift */; };
		B514061126A307F200623AED /* Assets.xcassets in Resources */ = {isa = PBXBuildFile; fileRef = B514061026A307F200623AED /* Assets.xcassets */; };
		B514061426A307F200623AED /* LaunchScreen.storyboard in Resources */ = {isa = PBXBuildFile; fileRef = B514061226A307F200623AED /* LaunchScreen.storyboard */; };
		B514061F26A307F200623AED /* MyScheduleTests.swift in Sources */ = {isa = PBXBuildFile; fileRef = B514061E26A307F200623AED /* MyScheduleTests.swift */; };
		B514062A26A307F200623AED /* MyScheduleUITests.swift in Sources */ = {isa = PBXBuildFile; fileRef = B514062926A307F200623AED /* MyScheduleUITests.swift */; };
		B514063B26A30E4F00623AED /* ScheduleViewController.swift in Sources */ = {isa = PBXBuildFile; fileRef = B514063A26A30E4F00623AED /* ScheduleViewController.swift */; };
		B514063D26A30EA700623AED /* TasksViewController.swift in Sources */ = {isa = PBXBuildFile; fileRef = B514063C26A30EA700623AED /* TasksViewController.swift */; };
		B5320883271424F900F47C0D /* ContactsTableViewController.swift in Sources */ = {isa = PBXBuildFile; fileRef = B5320882271424F900F47C0D /* ContactsTableViewController.swift */; };
		B53208852714408B00F47C0D /* UIColor.swift in Sources */ = {isa = PBXBuildFile; fileRef = B53208842714408B00F47C0D /* UIColor.swift */; };
		B5362FEA26A9E25C00391B06 /* ScheduleTableViewCell.swift in Sources */ = {isa = PBXBuildFile; fileRef = B5362FE926A9E25C00391B06 /* ScheduleTableViewCell.swift */; };
		B5362FEE26AC3AAB00391B06 /* UIStackView.swift in Sources */ = {isa = PBXBuildFile; fileRef = B5362FED26AC3AAB00391B06 /* UIStackView.swift */; };
		B5362FF026AC49D000391B06 /* UILabel.swift in Sources */ = {isa = PBXBuildFile; fileRef = B5362FEF26AC49D000391B06 /* UILabel.swift */; };
		B5362FF226AC4CBC00391B06 /* UIFont.swift in Sources */ = {isa = PBXBuildFile; fileRef = B5362FF126AC4CBC00391B06 /* UIFont.swift */; };
		B5362FF526AC97BA00391B06 /* TasksTableViewCell.swift in Sources */ = {isa = PBXBuildFile; fileRef = B5362FF426AC97BA00391B06 /* TasksTableViewCell.swift */; };
		B5362FF826ACB05A00391B06 /* PressButtonProtocols.swift in Sources */ = {isa = PBXBuildFile; fileRef = B5362FF726ACB05A00391B06 /* PressButtonProtocols.swift */; };
		B5362FFD26AD5C5200391B06 /* ScheduleOptionsViewController.swift in Sources */ = {isa = PBXBuildFile; fileRef = B5362FFC26AD5C5200391B06 /* ScheduleOptionsViewController.swift */; };
		B5362FFF26AD5E0B00391B06 /* OptionsTableViewCell.swift in Sources */ = {isa = PBXBuildFile; fileRef = B5362FFE26AD5E0B00391B06 /* OptionsTableViewCell.swift */; };
		B536300126AD69B400391B06 /* HeaderOptionTableViewCell.swift in Sources */ = {isa = PBXBuildFile; fileRef = B536300026AD69B400391B06 /* HeaderOptionTableViewCell.swift */; };
		B53C007F270EF45F0047370F /* AlertDate.swift in Sources */ = {isa = PBXBuildFile; fileRef = B53C007E270EF45F0047370F /* AlertDate.swift */; };
		B5F52971270F3406008BDAAA /* AlertTime.swift in Sources */ = {isa = PBXBuildFile; fileRef = B5F52970270F3406008BDAAA /* AlertTime.swift */; };
		B5F52973270F361B008BDAAA /* AlertForCellName.swift in Sources */ = {isa = PBXBuildFile; fileRef = B5F52972270F361B008BDAAA /* AlertForCellName.swift */; };
		B5F52976270F38E8008BDAAA /* ScheduleColorsViewController.swift in Sources */ = {isa = PBXBuildFile; fileRef = B5F52975270F38E8008BDAAA /* ScheduleColorsViewController.swift */; };
		B5F52979270F3A1D008BDAAA /* TeachersViewController.swift in Sources */ = {isa = PBXBuildFile; fileRef = B5F52978270F3A1D008BDAAA /* TeachersViewController.swift */; };
		B5F5297B270F3DBF008BDAAA /* UIAlertController.swift in Sources */ = {isa = PBXBuildFile; fileRef = B5F5297A270F3DBF008BDAAA /* UIAlertController.swift */; };
		B5F5297D27106CDB008BDAAA /* ColorsTableViewCell.swift in Sources */ = {isa = PBXBuildFile; fileRef = B5F5297C27106CDB008BDAAA /* ColorsTableViewCell.swift */; };
		B5F5297F27107279008BDAAA /* TaskOptionsTableView.swift in Sources */ = {isa = PBXBuildFile; fileRef = B5F5297E27107279008BDAAA /* TaskOptionsTableView.swift */; };
		B5F5298327108308008BDAAA /* TasksColorsTableViewController.swift in Sources */ = {isa = PBXBuildFile; fileRef = B5F5298227108308008BDAAA /* TasksColorsTableViewController.swift */; };
		B5F529872711F2DB008BDAAA /* ContactsTableViewCell.swift in Sources */ = {isa = PBXBuildFile; fileRef = B5F529862711F2DB008BDAAA /* ContactsTableViewCell.swift */; };
		B5F5298E271204DD008BDAAA /* ContactsOptionsTableViewController.swift in Sources */ = {isa = PBXBuildFile; fileRef = B5F5298D271204DD008BDAAA /* ContactsOptionsTableViewController.swift */; };
		B5F52990271337E3008BDAAA /* AlertFriendOrTeacher.swift in Sources */ = {isa = PBXBuildFile; fileRef = B5F5298F271337E3008BDAAA /* AlertFriendOrTeacher.swift */; };
		B5F5299227133CD2008BDAAA /* AlertPhotoCamera.swift in Sources */ = {isa = PBXBuildFile; fileRef = B5F5299127133CD2008BDAAA /* AlertPhotoCamera.swift */; };
		B5F5299527134314008BDAAA /* Realm in Frameworks */ = {isa = PBXBuildFile; productRef = B5F5299427134314008BDAAA /* Realm */; };
		B5F5299727134314008BDAAA /* RealmSwift in Frameworks */ = {isa = PBXBuildFile; productRef = B5F5299627134314008BDAAA /* RealmSwift */; };
		B5F5299A27141E12008BDAAA /* ScheduleModel.swift in Sources */ = {isa = PBXBuildFile; fileRef = B5F5299927141E12008BDAAA /* ScheduleModel.swift */; };
		B5F5299D2714211A008BDAAA /* RealmManager.swift in Sources */ = {isa = PBXBuildFile; fileRef = B5F5299C2714211A008BDAAA /* RealmManager.swift */; };
		C9FADEC12FF57BE38DDC9E3F /* Pods_MyScheduleTests.framework in Frameworks */ = {isa = PBXBuildFile; fileRef = D84378A5CD228E14DC7F1E61 /* Pods_MyScheduleTests.framework */; };
/* End PBXBuildFile section */

/* Begin PBXContainerItemProxy section */
		B514061B26A307F200623AED /* PBXContainerItemProxy */ = {
			isa = PBXContainerItemProxy;
			containerPortal = B51405FC26A307EE00623AED /* Project object */;
			proxyType = 1;
			remoteGlobalIDString = B514060326A307EE00623AED;
			remoteInfo = MySchedule;
		};
		B514062626A307F200623AED /* PBXContainerItemProxy */ = {
			isa = PBXContainerItemProxy;
			containerPortal = B51405FC26A307EE00623AED /* Project object */;
			proxyType = 1;
			remoteGlobalIDString = B514060326A307EE00623AED;
			remoteInfo = MySchedule;
		};
/* End PBXContainerItemProxy section */

/* Begin PBXFileReference section */
		0BDC9EDCECDF73AA0E9B58CF /* Pods-MyScheduleTests.debug.xcconfig */ = {isa = PBXFileReference; includeInIndex = 1; lastKnownFileType = text.xcconfig; name = "Pods-MyScheduleTests.debug.xcconfig"; path = "Target Support Files/Pods-MyScheduleTests/Pods-MyScheduleTests.debug.xcconfig"; sourceTree = "<group>"; };
		35B9B9D5E07D7966C1A77755 /* Pods-MyScheduleTests.release.xcconfig */ = {isa = PBXFileReference; includeInIndex = 1; lastKnownFileType = text.xcconfig; name = "Pods-MyScheduleTests.release.xcconfig"; path = "Target Support Files/Pods-MyScheduleTests/Pods-MyScheduleTests.release.xcconfig"; sourceTree = "<group>"; };
		40005FD473D2419FC061F372 /* Pods_MySchedule_MyScheduleUITests.framework */ = {isa = PBXFileReference; explicitFileType = wrapper.framework; includeInIndex = 0; path = Pods_MySchedule_MyScheduleUITests.framework; sourceTree = BUILT_PRODUCTS_DIR; };
		6E523541CF714C46245C0D6E /* Pods_MySchedule.framework */ = {isa = PBXFileReference; explicitFileType = wrapper.framework; includeInIndex = 0; path = Pods_MySchedule.framework; sourceTree = BUILT_PRODUCTS_DIR; };
		80F933B642C3D63A144EB80D /* Pods-MySchedule.release.xcconfig */ = {isa = PBXFileReference; includeInIndex = 1; lastKnownFileType = text.xcconfig; name = "Pods-MySchedule.release.xcconfig"; path = "Target Support Files/Pods-MySchedule/Pods-MySchedule.release.xcconfig"; sourceTree = "<group>"; };
		84AC981BD99FF1B553BDA803 /* Pods-MySchedule.debug.xcconfig */ = {isa = PBXFileReference; includeInIndex = 1; lastKnownFileType = text.xcconfig; name = "Pods-MySchedule.debug.xcconfig"; path = "Target Support Files/Pods-MySchedule/Pods-MySchedule.debug.xcconfig"; sourceTree = "<group>"; };
		9F6CCD7C7E5163F59D81A8D5 /* Pods-MySchedule-MyScheduleUITests.release.xcconfig */ = {isa = PBXFileReference; includeInIndex = 1; lastKnownFileType = text.xcconfig; name = "Pods-MySchedule-MyScheduleUITests.release.xcconfig"; path = "Target Support Files/Pods-MySchedule-MyScheduleUITests/Pods-MySchedule-MyScheduleUITests.release.xcconfig"; sourceTree = "<group>"; };
		A1DF7297FAB5C49E5A8A25D4 /* Pods-MySchedule-MyScheduleUITests.debug.xcconfig */ = {isa = PBXFileReference; includeInIndex = 1; lastKnownFileType = text.xcconfig; name = "Pods-MySchedule-MyScheduleUITests.debug.xcconfig"; path = "Target Support Files/Pods-MySchedule-MyScheduleUITests/Pods-MySchedule-MyScheduleUITests.debug.xcconfig"; sourceTree = "<group>"; };
		B514060426A307EE00623AED /* MySchedule.app */ = {isa = PBXFileReference; explicitFileType = wrapper.application; includeInIndex = 0; path = MySchedule.app; sourceTree = BUILT_PRODUCTS_DIR; };
		B514060726A307EE00623AED /* AppDelegate.swift */ = {isa = PBXFileReference; lastKnownFileType = sourcecode.swift; path = AppDelegate.swift; sourceTree = "<group>"; };
		B514060926A307EE00623AED /* SceneDelegate.swift */ = {isa = PBXFileReference; lastKnownFileType = sourcecode.swift; path = SceneDelegate.swift; sourceTree = "<group>"; };
		B514060B26A307EE00623AED /* MainTabBarController.swift */ = {isa = PBXFileReference; lastKnownFileType = sourcecode.swift; path = MainTabBarController.swift; sourceTree = "<group>"; };
		B514061026A307F200623AED /* Assets.xcassets */ = {isa = PBXFileReference; lastKnownFileType = folder.assetcatalog; path = Assets.xcassets; sourceTree = "<group>"; };
		B514061326A307F200623AED /* Base */ = {isa = PBXFileReference; lastKnownFileType = file.storyboard; name = Base; path = Base.lproj/LaunchScreen.storyboard; sourceTree = "<group>"; };
		B514061526A307F200623AED /* Info.plist */ = {isa = PBXFileReference; lastKnownFileType = text.plist.xml; path = Info.plist; sourceTree = "<group>"; };
		B514061A26A307F200623AED /* MyScheduleTests.xctest */ = {isa = PBXFileReference; explicitFileType = wrapper.cfbundle; includeInIndex = 0; path = MyScheduleTests.xctest; sourceTree = BUILT_PRODUCTS_DIR; };
		B514061E26A307F200623AED /* MyScheduleTests.swift */ = {isa = PBXFileReference; lastKnownFileType = sourcecode.swift; path = MyScheduleTests.swift; sourceTree = "<group>"; };
		B514062026A307F200623AED /* Info.plist */ = {isa = PBXFileReference; lastKnownFileType = text.plist.xml; path = Info.plist; sourceTree = "<group>"; };
		B514062526A307F200623AED /* MyScheduleUITests.xctest */ = {isa = PBXFileReference; explicitFileType = wrapper.cfbundle; includeInIndex = 0; path = MyScheduleUITests.xctest; sourceTree = BUILT_PRODUCTS_DIR; };
		B514062926A307F200623AED /* MyScheduleUITests.swift */ = {isa = PBXFileReference; lastKnownFileType = sourcecode.swift; path = MyScheduleUITests.swift; sourceTree = "<group>"; };
		B514062B26A307F200623AED /* Info.plist */ = {isa = PBXFileReference; lastKnownFileType = text.plist.xml; path = Info.plist; sourceTree = "<group>"; };
		B514063A26A30E4F00623AED /* ScheduleViewController.swift */ = {isa = PBXFileReference; lastKnownFileType = sourcecode.swift; path = ScheduleViewController.swift; sourceTree = "<group>"; };
		B514063C26A30EA700623AED /* TasksViewController.swift */ = {isa = PBXFileReference; lastKnownFileType = sourcecode.swift; path = TasksViewController.swift; sourceTree = "<group>"; };
		B5320882271424F900F47C0D /* ContactsTableViewController.swift */ = {isa = PBXFileReference; lastKnownFileType = sourcecode.swift; path = ContactsTableViewController.swift; sourceTree = "<group>"; };
		B53208842714408B00F47C0D /* UIColor.swift */ = {isa = PBXFileReference; lastKnownFileType = sourcecode.swift; path = UIColor.swift; sourceTree = "<group>"; };
		B5362FE926A9E25C00391B06 /* ScheduleTableViewCell.swift */ = {isa = PBXFileReference; lastKnownFileType = sourcecode.swift; path = ScheduleTableViewCell.swift; sourceTree = "<group>"; };
		B5362FED26AC3AAB00391B06 /* UIStackView.swift */ = {isa = PBXFileReference; lastKnownFileType = sourcecode.swift; path = UIStackView.swift; sourceTree = "<group>"; };
		B5362FEF26AC49D000391B06 /* UILabel.swift */ = {isa = PBXFileReference; lastKnownFileType = sourcecode.swift; path = UILabel.swift; sourceTree = "<group>"; };
		B5362FF126AC4CBC00391B06 /* UIFont.swift */ = {isa = PBXFileReference; lastKnownFileType = sourcecode.swift; path = UIFont.swift; sourceTree = "<group>"; };
		B5362FF426AC97BA00391B06 /* TasksTableViewCell.swift */ = {isa = PBXFileReference; lastKnownFileType = sourcecode.swift; path = TasksTableViewCell.swift; sourceTree = "<group>"; };
		B5362FF726ACB05A00391B06 /* PressButtonProtocols.swift */ = {isa = PBXFileReference; lastKnownFileType = sourcecode.swift; path = PressButtonProtocols.swift; sourceTree = "<group>"; };
		B5362FFC26AD5C5200391B06 /* ScheduleOptionsViewController.swift */ = {isa = PBXFileReference; lastKnownFileType = sourcecode.swift; path = ScheduleOptionsViewController.swift; sourceTree = "<group>"; };
		B5362FFE26AD5E0B00391B06 /* OptionsTableViewCell.swift */ = {isa = PBXFileReference; lastKnownFileType = sourcecode.swift; path = OptionsTableViewCell.swift; sourceTree = "<group>"; };
		B536300026AD69B400391B06 /* HeaderOptionTableViewCell.swift */ = {isa = PBXFileReference; lastKnownFileType = sourcecode.swift; path = HeaderOptionTableViewCell.swift; sourceTree = "<group>"; };
		B53C007E270EF45F0047370F /* AlertDate.swift */ = {isa = PBXFileReference; lastKnownFileType = sourcecode.swift; path = AlertDate.swift; sourceTree = "<group>"; };
		B5F52970270F3406008BDAAA /* AlertTime.swift */ = {isa = PBXFileReference; lastKnownFileType = sourcecode.swift; path = AlertTime.swift; sourceTree = "<group>"; };
		B5F52972270F361B008BDAAA /* AlertForCellName.swift */ = {isa = PBXFileReference; lastKnownFileType = sourcecode.swift; path = AlertForCellName.swift; sourceTree = "<group>"; };
		B5F52975270F38E8008BDAAA /* ScheduleColorsViewController.swift */ = {isa = PBXFileReference; lastKnownFileType = sourcecode.swift; path = ScheduleColorsViewController.swift; sourceTree = "<group>"; };
		B5F52978270F3A1D008BDAAA /* TeachersViewController.swift */ = {isa = PBXFileReference; lastKnownFileType = sourcecode.swift; path = TeachersViewController.swift; sourceTree = "<group>"; };
		B5F5297A270F3DBF008BDAAA /* UIAlertController.swift */ = {isa = PBXFileReference; lastKnownFileType = sourcecode.swift; path = UIAlertController.swift; sourceTree = "<group>"; };
		B5F5297C27106CDB008BDAAA /* ColorsTableViewCell.swift */ = {isa = PBXFileReference; lastKnownFileType = sourcecode.swift; path = ColorsTableViewCell.swift; sourceTree = "<group>"; };
		B5F5297E27107279008BDAAA /* TaskOptionsTableView.swift */ = {isa = PBXFileReference; lastKnownFileType = sourcecode.swift; path = TaskOptionsTableView.swift; sourceTree = "<group>"; };
		B5F5298227108308008BDAAA /* TasksColorsTableViewController.swift */ = {isa = PBXFileReference; lastKnownFileType = sourcecode.swift; path = TasksColorsTableViewController.swift; sourceTree = "<group>"; };
		B5F529862711F2DB008BDAAA /* ContactsTableViewCell.swift */ = {isa = PBXFileReference; lastKnownFileType = sourcecode.swift; path = ContactsTableViewCell.swift; sourceTree = "<group>"; };
		B5F5298D271204DD008BDAAA /* ContactsOptionsTableViewController.swift */ = {isa = PBXFileReference; lastKnownFileType = sourcecode.swift; path = ContactsOptionsTableViewController.swift; sourceTree = "<group>"; };
		B5F5298F271337E3008BDAAA /* AlertFriendOrTeacher.swift */ = {isa = PBXFileReference; lastKnownFileType = sourcecode.swift; path = AlertFriendOrTeacher.swift; sourceTree = "<group>"; };
		B5F5299127133CD2008BDAAA /* AlertPhotoCamera.swift */ = {isa = PBXFileReference; lastKnownFileType = sourcecode.swift; path = AlertPhotoCamera.swift; sourceTree = "<group>"; };
		B5F5299927141E12008BDAAA /* ScheduleModel.swift */ = {isa = PBXFileReference; lastKnownFileType = sourcecode.swift; path = ScheduleModel.swift; sourceTree = "<group>"; };
		B5F5299C2714211A008BDAAA /* RealmManager.swift */ = {isa = PBXFileReference; lastKnownFileType = sourcecode.swift; path = RealmManager.swift; sourceTree = "<group>"; };
		D84378A5CD228E14DC7F1E61 /* Pods_MyScheduleTests.framework */ = {isa = PBXFileReference; explicitFileType = wrapper.framework; includeInIndex = 0; path = Pods_MyScheduleTests.framework; sourceTree = BUILT_PRODUCTS_DIR; };
/* End PBXFileReference section */

/* Begin PBXFrameworksBuildPhase section */
		B514060126A307EE00623AED /* Frameworks */ = {
			isa = PBXFrameworksBuildPhase;
			buildActionMask = 2147483647;
			files = (
				B5F5299727134314008BDAAA /* RealmSwift in Frameworks */,
				B5F5299527134314008BDAAA /* Realm in Frameworks */,
				810AE2A4411D6384C4256CBE /* Pods_MySchedule.framework in Frameworks */,
			);
			runOnlyForDeploymentPostprocessing = 0;
		};
		B514061726A307F200623AED /* Frameworks */ = {
			isa = PBXFrameworksBuildPhase;
			buildActionMask = 2147483647;
			files = (
				C9FADEC12FF57BE38DDC9E3F /* Pods_MyScheduleTests.framework in Frameworks */,
			);
			runOnlyForDeploymentPostprocessing = 0;
		};
		B514062226A307F200623AED /* Frameworks */ = {
			isa = PBXFrameworksBuildPhase;
			buildActionMask = 2147483647;
			files = (
				7744E2DE9B8E3BED6CA457B1 /* Pods_MySchedule_MyScheduleUITests.framework in Frameworks */,
			);
			runOnlyForDeploymentPostprocessing = 0;
		};
/* End PBXFrameworksBuildPhase section */

/* Begin PBXGroup section */
		6904CD80B32EF05AB40962D4 /* Frameworks */ = {
			isa = PBXGroup;
			children = (
				6E523541CF714C46245C0D6E /* Pods_MySchedule.framework */,
				40005FD473D2419FC061F372 /* Pods_MySchedule_MyScheduleUITests.framework */,
				D84378A5CD228E14DC7F1E61 /* Pods_MyScheduleTests.framework */,
			);
			name = Frameworks;
			sourceTree = "<group>";
		};
		9DD732C7BA773941A024B7A2 /* Pods */ = {
			isa = PBXGroup;
			children = (
				84AC981BD99FF1B553BDA803 /* Pods-MySchedule.debug.xcconfig */,
				80F933B642C3D63A144EB80D /* Pods-MySchedule.release.xcconfig */,
				A1DF7297FAB5C49E5A8A25D4 /* Pods-MySchedule-MyScheduleUITests.debug.xcconfig */,
				9F6CCD7C7E5163F59D81A8D5 /* Pods-MySchedule-MyScheduleUITests.release.xcconfig */,
				0BDC9EDCECDF73AA0E9B58CF /* Pods-MyScheduleTests.debug.xcconfig */,
				35B9B9D5E07D7966C1A77755 /* Pods-MyScheduleTests.release.xcconfig */,
			);
			path = Pods;
			sourceTree = "<group>";
		};
		B51405FB26A307EE00623AED = {
			isa = PBXGroup;
			children = (
				B514060626A307EE00623AED /* MySchedule */,
				B514061D26A307F200623AED /* MyScheduleTests */,
				B514062826A307F200623AED /* MyScheduleUITests */,
				B514060526A307EE00623AED /* Products */,
				9DD732C7BA773941A024B7A2 /* Pods */,
				6904CD80B32EF05AB40962D4 /* Frameworks */,
			);
			sourceTree = "<group>";
		};
		B514060526A307EE00623AED /* Products */ = {
			isa = PBXGroup;
			children = (
				B514060426A307EE00623AED /* MySchedule.app */,
				B514061A26A307F200623AED /* MyScheduleTests.xctest */,
				B514062526A307F200623AED /* MyScheduleUITests.xctest */,
			);
			name = Products;
			sourceTree = "<group>";
		};
		B514060626A307EE00623AED /* MySchedule */ = {
			isa = PBXGroup;
			children = (
				B514063926A308B000623AED /* Application */,
				B514063726A3086B00623AED /* Controllers */,
				B53C007C270EF43F0047370F /* Models */,
				B5F5299B271420CA008BDAAA /* Services */,
				B5362FF626ACB04700391B06 /* Protocols */,
				B5362FEB26AC3A8500391B06 /* Extensions */,
				B514063826A3087400623AED /* Resources */,
			);
			path = MySchedule;
			sourceTree = "<group>";
		};
		B514061D26A307F200623AED /* MyScheduleTests */ = {
			isa = PBXGroup;
			children = (
				B514061E26A307F200623AED /* MyScheduleTests.swift */,
				B514062026A307F200623AED /* Info.plist */,
			);
			path = MyScheduleTests;
			sourceTree = "<group>";
		};
		B514062826A307F200623AED /* MyScheduleUITests */ = {
			isa = PBXGroup;
			children = (
				B514062926A307F200623AED /* MyScheduleUITests.swift */,
				B514062B26A307F200623AED /* Info.plist */,
			);
			path = MyScheduleUITests;
			sourceTree = "<group>";
		};
		B514063726A3086B00623AED /* Controllers */ = {
			isa = PBXGroup;
			children = (
				B514060B26A307EE00623AED /* MainTabBarController.swift */,
				B5362FF926AD569A00391B06 /* Schedule */,
				B5362FFA26AD56A900391B06 /* Tasks */,
				B5362FFB26AD56AE00391B06 /* Contacts */,
			);
			path = Controllers;
			sourceTree = "<group>";
		};
		B514063826A3087400623AED /* Resources */ = {
			isa = PBXGroup;
			children = (
				B514061026A307F200623AED /* Assets.xcassets */,
				B514061226A307F200623AED /* LaunchScreen.storyboard */,
				B514061526A307F200623AED /* Info.plist */,
			);
			path = Resources;
			sourceTree = "<group>";
		};
		B514063926A308B000623AED /* Application */ = {
			isa = PBXGroup;
			children = (
				B514060726A307EE00623AED /* AppDelegate.swift */,
				B514060926A307EE00623AED /* SceneDelegate.swift */,
			);
			path = Application;
			sourceTree = "<group>";
		};
		B5362FEB26AC3A8500391B06 /* Extensions */ = {
			isa = PBXGroup;
			children = (
				B5362FEC26AC3A9600391B06 /* UIKit */,
			);
			path = Extensions;
			sourceTree = "<group>";
		};
		B5362FEC26AC3A9600391B06 /* UIKit */ = {
			isa = PBXGroup;
			children = (
				B5362FED26AC3AAB00391B06 /* UIStackView.swift */,
				B5362FEF26AC49D000391B06 /* UILabel.swift */,
				B5362FF126AC4CBC00391B06 /* UIFont.swift */,
				B5F5297A270F3DBF008BDAAA /* UIAlertController.swift */,
				B53208842714408B00F47C0D /* UIColor.swift */,
			);
			path = UIKit;
			sourceTree = "<group>";
		};
		B5362FF326AC979400391B06 /* Cell */ = {
			isa = PBXGroup;
			children = (
				B536300026AD69B400391B06 /* HeaderOptionTableViewCell.swift */,
				B5F5297C27106CDB008BDAAA /* ColorsTableViewCell.swift */,
				B5362FFE26AD5E0B00391B06 /* OptionsTableViewCell.swift */,
				B5F529882711F4ED008BDAAA /* Schedule */,
				B5F529892711F508008BDAAA /* Tasks */,
				B5F5298A2711F563008BDAAA /* Contacts */,
			);
			path = Cell;
			sourceTree = "<group>";
		};
		B5362FF626ACB04700391B06 /* Protocols */ = {
			isa = PBXGroup;
			children = (
				B5362FF726ACB05A00391B06 /* PressButtonProtocols.swift */,
			);
			path = Protocols;
			sourceTree = "<group>";
		};
		B5362FF926AD569A00391B06 /* Schedule */ = {
			isa = PBXGroup;
			children = (
				B514063A26A30E4F00623AED /* ScheduleViewController.swift */,
				B5362FFC26AD5C5200391B06 /* ScheduleOptionsViewController.swift */,
				B5F52975270F38E8008BDAAA /* ScheduleColorsViewController.swift */,
			);
			path = Schedule;
			sourceTree = "<group>";
		};
		B5362FFA26AD56A900391B06 /* Tasks */ = {
			isa = PBXGroup;
			children = (
				B514063C26A30EA700623AED /* TasksViewController.swift */,
				B5F5297E27107279008BDAAA /* TaskOptionsTableView.swift */,
				B5F5298227108308008BDAAA /* TasksColorsTableViewController.swift */,
			);
			path = Tasks;
			sourceTree = "<group>";
		};
		B5362FFB26AD56AE00391B06 /* Contacts */ = {
			isa = PBXGroup;
			children = (
				B5320882271424F900F47C0D /* ContactsTableViewController.swift */,
				B5F5298D271204DD008BDAAA /* ContactsOptionsTableViewController.swift */,
				B5F52978270F3A1D008BDAAA /* TeachersViewController.swift */,
			);
			path = Contacts;
			sourceTree = "<group>";
		};
		B53C007C270EF43F0047370F /* Models */ = {
			isa = PBXGroup;
			children = (
				B5F5299827141DFF008BDAAA /* Realm */,
				B53C007D270EF4460047370F /* Alert */,
				B5362FF326AC979400391B06 /* Cell */,
				B5F52977270F39A0008BDAAA /* Contacts */,
			);
			path = Models;
			sourceTree = "<group>";
		};
		B53C007D270EF4460047370F /* Alert */ = {
			isa = PBXGroup;
			children = (
				B53C007E270EF45F0047370F /* AlertDate.swift */,
				B5F52970270F3406008BDAAA /* AlertTime.swift */,
				B5F52972270F361B008BDAAA /* AlertForCellName.swift */,
				B5F5298F271337E3008BDAAA /* AlertFriendOrTeacher.swift */,
				B5F5299127133CD2008BDAAA /* AlertPhotoCamera.swift */,
			);
			path = Alert;
			sourceTree = "<group>";
		};
		B5F52977270F39A0008BDAAA /* Contacts */ = {
			isa = PBXGroup;
			children = (
			);
			path = Contacts;
			sourceTree = "<group>";
		};
		B5F529882711F4ED008BDAAA /* Schedule */ = {
			isa = PBXGroup;
			children = (
				B5362FE926A9E25C00391B06 /* ScheduleTableViewCell.swift */,
			);
			path = Schedule;
			sourceTree = "<group>";
		};
		B5F529892711F508008BDAAA /* Tasks */ = {
			isa = PBXGroup;
			children = (
				B5362FF426AC97BA00391B06 /* TasksTableViewCell.swift */,
			);
			path = Tasks;
			sourceTree = "<group>";
		};
		B5F5298A2711F563008BDAAA /* Contacts */ = {
			isa = PBXGroup;
			children = (
				B5F529862711F2DB008BDAAA /* ContactsTableViewCell.swift */,
			);
			path = Contacts;
			sourceTree = "<group>";
		};
		B5F5299827141DFF008BDAAA /* Realm */ = {
			isa = PBXGroup;
			children = (
				B5F5299927141E12008BDAAA /* ScheduleModel.swift */,
			);
			path = Realm;
			sourceTree = "<group>";
		};
		B5F5299B271420CA008BDAAA /* Services */ = {
			isa = PBXGroup;
			children = (
				B5F5299C2714211A008BDAAA /* RealmManager.swift */,
			);
			path = Services;
			sourceTree = "<group>";
		};
/* End PBXGroup section */

/* Begin PBXNativeTarget section */
		B514060326A307EE00623AED /* MySchedule */ = {
			isa = PBXNativeTarget;
			buildConfigurationList = B514062E26A307F200623AED /* Build configuration list for PBXNativeTarget "MySchedule" */;
			buildPhases = (
				7420AA5033CFFD6B557A7B53 /* [CP] Check Pods Manifest.lock */,
				B514060026A307EE00623AED /* Sources */,
				B514060126A307EE00623AED /* Frameworks */,
				B514060226A307EE00623AED /* Resources */,
				F219AB422CE6B797FFF7FAD2 /* [CP] Embed Pods Frameworks */,
			);
			buildRules = (
			);
			dependencies = (
			);
			name = MySchedule;
			packageProductDependencies = (
				B5F5299427134314008BDAAA /* Realm */,
				B5F5299627134314008BDAAA /* RealmSwift */,
			);
			productName = MySchedule;
			productReference = B514060426A307EE00623AED /* MySchedule.app */;
			productType = "com.apple.product-type.application";
		};
		B514061926A307F200623AED /* MyScheduleTests */ = {
			isa = PBXNativeTarget;
			buildConfigurationList = B514063126A307F200623AED /* Build configuration list for PBXNativeTarget "MyScheduleTests" */;
			buildPhases = (
				091267364B4BFAA0A4849EB9 /* [CP] Check Pods Manifest.lock */,
				B514061626A307F200623AED /* Sources */,
				B514061726A307F200623AED /* Frameworks */,
				B514061826A307F200623AED /* Resources */,
			);
			buildRules = (
			);
			dependencies = (
				B514061C26A307F200623AED /* PBXTargetDependency */,
			);
			name = MyScheduleTests;
			productName = MyScheduleTests;
			productReference = B514061A26A307F200623AED /* MyScheduleTests.xctest */;
			productType = "com.apple.product-type.bundle.unit-test";
		};
		B514062426A307F200623AED /* MyScheduleUITests */ = {
			isa = PBXNativeTarget;
			buildConfigurationList = B514063426A307F200623AED /* Build configuration list for PBXNativeTarget "MyScheduleUITests" */;
			buildPhases = (
				FFE8B3FFE889D5E213B9D909 /* [CP] Check Pods Manifest.lock */,
				B514062126A307F200623AED /* Sources */,
				B514062226A307F200623AED /* Frameworks */,
				B514062326A307F200623AED /* Resources */,
				CD1AD01A78C04ABA18EF50D7 /* [CP] Embed Pods Frameworks */,
			);
			buildRules = (
			);
			dependencies = (
				B514062726A307F200623AED /* PBXTargetDependency */,
			);
			name = MyScheduleUITests;
			productName = MyScheduleUITests;
			productReference = B514062526A307F200623AED /* MyScheduleUITests.xctest */;
			productType = "com.apple.product-type.bundle.ui-testing";
		};
/* End PBXNativeTarget section */

/* Begin PBXProject section */
		B51405FC26A307EE00623AED /* Project object */ = {
			isa = PBXProject;
			attributes = {
				LastSwiftUpdateCheck = 1250;
				LastUpgradeCheck = 1250;
				TargetAttributes = {
					B514060326A307EE00623AED = {
						CreatedOnToolsVersion = 12.5.1;
					};
					B514061926A307F200623AED = {
						CreatedOnToolsVersion = 12.5.1;
						TestTargetID = B514060326A307EE00623AED;
					};
					B514062426A307F200623AED = {
						CreatedOnToolsVersion = 12.5.1;
						TestTargetID = B514060326A307EE00623AED;
					};
				};
			};
			buildConfigurationList = B51405FF26A307EE00623AED /* Build configuration list for PBXProject "MySchedule" */;
			compatibilityVersion = "Xcode 9.3";
			developmentRegion = en;
			hasScannedForEncodings = 0;
			knownRegions = (
				en,
				Base,
			);
			mainGroup = B51405FB26A307EE00623AED;
			packageReferences = (
				B5F5299327134314008BDAAA /* XCRemoteSwiftPackageReference "realm-cocoa" */,
			);
			productRefGroup = B514060526A307EE00623AED /* Products */;
			projectDirPath = "";
			projectRoot = "";
			targets = (
				B514060326A307EE00623AED /* MySchedule */,
				B514061926A307F200623AED /* MyScheduleTests */,
				B514062426A307F200623AED /* MyScheduleUITests */,
			);
		};
/* End PBXProject section */

/* Begin PBXResourcesBuildPhase section */
		B514060226A307EE00623AED /* Resources */ = {
			isa = PBXResourcesBuildPhase;
			buildActionMask = 2147483647;
			files = (
				B514061426A307F200623AED /* LaunchScreen.storyboard in Resources */,
				B514061126A307F200623AED /* Assets.xcassets in Resources */,
			);
			runOnlyForDeploymentPostprocessing = 0;
		};
		B514061826A307F200623AED /* Resources */ = {
			isa = PBXResourcesBuildPhase;
			buildActionMask = 2147483647;
			files = (
			);
			runOnlyForDeploymentPostprocessing = 0;
		};
		B514062326A307F200623AED /* Resources */ = {
			isa = PBXResourcesBuildPhase;
			buildActionMask = 2147483647;
			files = (
			);
			runOnlyForDeploymentPostprocessing = 0;
		};
/* End PBXResourcesBuildPhase section */

/* Begin PBXShellScriptBuildPhase section */
		091267364B4BFAA0A4849EB9 /* [CP] Check Pods Manifest.lock */ = {
			isa = PBXShellScriptBuildPhase;
			buildActionMask = 2147483647;
			files = (
			);
			inputFileListPaths = (
			);
			inputPaths = (
				"${PODS_PODFILE_DIR_PATH}/Podfile.lock",
				"${PODS_ROOT}/Manifest.lock",
			);
			name = "[CP] Check Pods Manifest.lock";
			outputFileListPaths = (
			);
			outputPaths = (
				"$(DERIVED_FILE_DIR)/Pods-MyScheduleTests-checkManifestLockResult.txt",
			);
			runOnlyForDeploymentPostprocessing = 0;
			shellPath = /bin/sh;
			shellScript = "diff \"${PODS_PODFILE_DIR_PATH}/Podfile.lock\" \"${PODS_ROOT}/Manifest.lock\" > /dev/null\nif [ $? != 0 ] ; then\n    # print error to STDERR\n    echo \"error: The sandbox is not in sync with the Podfile.lock. Run 'pod install' or update your CocoaPods installation.\" >&2\n    exit 1\nfi\n# This output is used by Xcode 'outputs' to avoid re-running this script phase.\necho \"SUCCESS\" > \"${SCRIPT_OUTPUT_FILE_0}\"\n";
			showEnvVarsInLog = 0;
		};
		7420AA5033CFFD6B557A7B53 /* [CP] Check Pods Manifest.lock */ = {
			isa = PBXShellScriptBuildPhase;
			buildActionMask = 2147483647;
			files = (
			);
			inputFileListPaths = (
			);
			inputPaths = (
				"${PODS_PODFILE_DIR_PATH}/Podfile.lock",
				"${PODS_ROOT}/Manifest.lock",
			);
			name = "[CP] Check Pods Manifest.lock";
			outputFileListPaths = (
			);
			outputPaths = (
				"$(DERIVED_FILE_DIR)/Pods-MySchedule-checkManifestLockResult.txt",
			);
			runOnlyForDeploymentPostprocessing = 0;
			shellPath = /bin/sh;
			shellScript = "diff \"${PODS_PODFILE_DIR_PATH}/Podfile.lock\" \"${PODS_ROOT}/Manifest.lock\" > /dev/null\nif [ $? != 0 ] ; then\n    # print error to STDERR\n    echo \"error: The sandbox is not in sync with the Podfile.lock. Run 'pod install' or update your CocoaPods installation.\" >&2\n    exit 1\nfi\n# This output is used by Xcode 'outputs' to avoid re-running this script phase.\necho \"SUCCESS\" > \"${SCRIPT_OUTPUT_FILE_0}\"\n";
			showEnvVarsInLog = 0;
		};
		CD1AD01A78C04ABA18EF50D7 /* [CP] Embed Pods Frameworks */ = {
			isa = PBXShellScriptBuildPhase;
			buildActionMask = 2147483647;
			files = (
			);
			inputFileListPaths = (
				"${PODS_ROOT}/Target Support Files/Pods-MySchedule-MyScheduleUITests/Pods-MySchedule-MyScheduleUITests-frameworks-${CONFIGURATION}-input-files.xcfilelist",
			);
			name = "[CP] Embed Pods Frameworks";
			outputFileListPaths = (
				"${PODS_ROOT}/Target Support Files/Pods-MySchedule-MyScheduleUITests/Pods-MySchedule-MyScheduleUITests-frameworks-${CONFIGURATION}-output-files.xcfilelist",
			);
			runOnlyForDeploymentPostprocessing = 0;
			shellPath = /bin/sh;
			shellScript = "\"${PODS_ROOT}/Target Support Files/Pods-MySchedule-MyScheduleUITests/Pods-MySchedule-MyScheduleUITests-frameworks.sh\"\n";
			showEnvVarsInLog = 0;
		};
		F219AB422CE6B797FFF7FAD2 /* [CP] Embed Pods Frameworks */ = {
			isa = PBXShellScriptBuildPhase;
			buildActionMask = 2147483647;
			files = (
			);
			inputFileListPaths = (
				"${PODS_ROOT}/Target Support Files/Pods-MySchedule/Pods-MySchedule-frameworks-${CONFIGURATION}-input-files.xcfilelist",
			);
			name = "[CP] Embed Pods Frameworks";
			outputFileListPaths = (
				"${PODS_ROOT}/Target Support Files/Pods-MySchedule/Pods-MySchedule-frameworks-${CONFIGURATION}-output-files.xcfilelist",
			);
			runOnlyForDeploymentPostprocessing = 0;
			shellPath = /bin/sh;
			shellScript = "\"${PODS_ROOT}/Target Support Files/Pods-MySchedule/Pods-MySchedule-frameworks.sh\"\n";
			showEnvVarsInLog = 0;
		};
		FFE8B3FFE889D5E213B9D909 /* [CP] Check Pods Manifest.lock */ = {
			isa = PBXShellScriptBuildPhase;
			buildActionMask = 2147483647;
			files = (
			);
			inputFileListPaths = (
			);
			inputPaths = (
				"${PODS_PODFILE_DIR_PATH}/Podfile.lock",
				"${PODS_ROOT}/Manifest.lock",
			);
			name = "[CP] Check Pods Manifest.lock";
			outputFileListPaths = (
			);
			outputPaths = (
				"$(DERIVED_FILE_DIR)/Pods-MySchedule-MyScheduleUITests-checkManifestLockResult.txt",
			);
			runOnlyForDeploymentPostprocessing = 0;
			shellPath = /bin/sh;
			shellScript = "diff \"${PODS_PODFILE_DIR_PATH}/Podfile.lock\" \"${PODS_ROOT}/Manifest.lock\" > /dev/null\nif [ $? != 0 ] ; then\n    # print error to STDERR\n    echo \"error: The sandbox is not in sync with the Podfile.lock. Run 'pod install' or update your CocoaPods installation.\" >&2\n    exit 1\nfi\n# This output is used by Xcode 'outputs' to avoid re-running this script phase.\necho \"SUCCESS\" > \"${SCRIPT_OUTPUT_FILE_0}\"\n";
			showEnvVarsInLog = 0;
		};
/* End PBXShellScriptBuildPhase section */

/* Begin PBXSourcesBuildPhase section */
		B514060026A307EE00623AED /* Sources */ = {
			isa = PBXSourcesBuildPhase;
			buildActionMask = 2147483647;
			files = (
				B5F5299227133CD2008BDAAA /* AlertPhotoCamera.swift in Sources */,
				B53C007F270EF45F0047370F /* AlertDate.swift in Sources */,
				B5320883271424F900F47C0D /* ContactsTableViewController.swift in Sources */,
				B514060C26A307EE00623AED /* MainTabBarController.swift in Sources */,
				B5362FEA26A9E25C00391B06 /* ScheduleTableViewCell.swift in Sources */,
				B5F52979270F3A1D008BDAAA /* TeachersViewController.swift in Sources */,
				B5F5297D27106CDB008BDAAA /* ColorsTableViewCell.swift in Sources */,
				B514060826A307EE00623AED /* AppDelegate.swift in Sources */,
				B5362FEE26AC3AAB00391B06 /* UIStackView.swift in Sources */,
				B5F52973270F361B008BDAAA /* AlertForCellName.swift in Sources */,
				B5362FFD26AD5C5200391B06 /* ScheduleOptionsViewController.swift in Sources */,
				B5F5298327108308008BDAAA /* TasksColorsTableViewController.swift in Sources */,
				B5F529872711F2DB008BDAAA /* ContactsTableViewCell.swift in Sources */,
				B5F52990271337E3008BDAAA /* AlertFriendOrTeacher.swift in Sources */,
				B5F5298E271204DD008BDAAA /* ContactsOptionsTableViewController.swift in Sources */,
				B5362FF026AC49D000391B06 /* UILabel.swift in Sources */,
				B514063D26A30EA700623AED /* TasksViewController.swift in Sources */,
				B5F5297B270F3DBF008BDAAA /* UIAlertController.swift in Sources */,
				B5F5299D2714211A008BDAAA /* RealmManager.swift in Sources */,
				B5F52971270F3406008BDAAA /* AlertTime.swift in Sources */,
				B5F5299A27141E12008BDAAA /* ScheduleModel.swift in Sources */,
				B53208852714408B00F47C0D /* UIColor.swift in Sources */,
				B514060A26A307EE00623AED /* SceneDelegate.swift in Sources */,
				B514063B26A30E4F00623AED /* ScheduleViewController.swift in Sources */,
				B5362FF226AC4CBC00391B06 /* UIFont.swift in Sources */,
				B536300126AD69B400391B06 /* HeaderOptionTableViewCell.swift in Sources */,
				B5362FFF26AD5E0B00391B06 /* OptionsTableViewCell.swift in Sources */,
				B5362FF526AC97BA00391B06 /* TasksTableViewCell.swift in Sources */,
				B5F52976270F38E8008BDAAA /* ScheduleColorsViewController.swift in Sources */,
				B5F5297F27107279008BDAAA /* TaskOptionsTableView.swift in Sources */,
				B5362FF826ACB05A00391B06 /* PressButtonProtocols.swift in Sources */,
			);
			runOnlyForDeploymentPostprocessing = 0;
		};
		B514061626A307F200623AED /* Sources */ = {
			isa = PBXSourcesBuildPhase;
			buildActionMask = 2147483647;
			files = (
				B514061F26A307F200623AED /* MyScheduleTests.swift in Sources */,
			);
			runOnlyForDeploymentPostprocessing = 0;
		};
		B514062126A307F200623AED /* Sources */ = {
			isa = PBXSourcesBuildPhase;
			buildActionMask = 2147483647;
			files = (
				B514062A26A307F200623AED /* MyScheduleUITests.swift in Sources */,
			);
			runOnlyForDeploymentPostprocessing = 0;
		};
/* End PBXSourcesBuildPhase section */

/* Begin PBXTargetDependency section */
		B514061C26A307F200623AED /* PBXTargetDependency */ = {
			isa = PBXTargetDependency;
			target = B514060326A307EE00623AED /* MySchedule */;
			targetProxy = B514061B26A307F200623AED /* PBXContainerItemProxy */;
		};
		B514062726A307F200623AED /* PBXTargetDependency */ = {
			isa = PBXTargetDependency;
			target = B514060326A307EE00623AED /* MySchedule */;
			targetProxy = B514062626A307F200623AED /* PBXContainerItemProxy */;
		};
/* End PBXTargetDependency section */

/* Begin PBXVariantGroup section */
		B514061226A307F200623AED /* LaunchScreen.storyboard */ = {
			isa = PBXVariantGroup;
			children = (
				B514061326A307F200623AED /* Base */,
			);
			name = LaunchScreen.storyboard;
			sourceTree = "<group>";
		};
/* End PBXVariantGroup section */

/* Begin XCBuildConfiguration section */
		B514062C26A307F200623AED /* Debug */ = {
			isa = XCBuildConfiguration;
			buildSettings = {
				ALWAYS_SEARCH_USER_PATHS = NO;
				CLANG_ANALYZER_NONNULL = YES;
				CLANG_ANALYZER_NUMBER_OBJECT_CONVERSION = YES_AGGRESSIVE;
				CLANG_CXX_LANGUAGE_STANDARD = "gnu++14";
				CLANG_CXX_LIBRARY = "libc++";
				CLANG_ENABLE_MODULES = YES;
				CLANG_ENABLE_OBJC_ARC = YES;
				CLANG_ENABLE_OBJC_WEAK = YES;
				CLANG_WARN_BLOCK_CAPTURE_AUTORELEASING = YES;
				CLANG_WARN_BOOL_CONVERSION = YES;
				CLANG_WARN_COMMA = YES;
				CLANG_WARN_CONSTANT_CONVERSION = YES;
				CLANG_WARN_DEPRECATED_OBJC_IMPLEMENTATIONS = YES;
				CLANG_WARN_DIRECT_OBJC_ISA_USAGE = YES_ERROR;
				CLANG_WARN_DOCUMENTATION_COMMENTS = YES;
				CLANG_WARN_EMPTY_BODY = YES;
				CLANG_WARN_ENUM_CONVERSION = YES;
				CLANG_WARN_INFINITE_RECURSION = YES;
				CLANG_WARN_INT_CONVERSION = YES;
				CLANG_WARN_NON_LITERAL_NULL_CONVERSION = YES;
				CLANG_WARN_OBJC_IMPLICIT_RETAIN_SELF = YES;
				CLANG_WARN_OBJC_LITERAL_CONVERSION = YES;
				CLANG_WARN_OBJC_ROOT_CLASS = YES_ERROR;
				CLANG_WARN_QUOTED_INCLUDE_IN_FRAMEWORK_HEADER = YES;
				CLANG_WARN_RANGE_LOOP_ANALYSIS = YES;
				CLANG_WARN_STRICT_PROTOTYPES = YES;
				CLANG_WARN_SUSPICIOUS_MOVE = YES;
				CLANG_WARN_UNGUARDED_AVAILABILITY = YES_AGGRESSIVE;
				CLANG_WARN_UNREACHABLE_CODE = YES;
				CLANG_WARN__DUPLICATE_METHOD_MATCH = YES;
				COPY_PHASE_STRIP = NO;
				DEBUG_INFORMATION_FORMAT = dwarf;
				ENABLE_STRICT_OBJC_MSGSEND = YES;
				ENABLE_TESTABILITY = YES;
				GCC_C_LANGUAGE_STANDARD = gnu11;
				GCC_DYNAMIC_NO_PIC = NO;
				GCC_NO_COMMON_BLOCKS = YES;
				GCC_OPTIMIZATION_LEVEL = 0;
				GCC_PREPROCESSOR_DEFINITIONS = (
					"DEBUG=1",
					"$(inherited)",
				);
				GCC_WARN_64_TO_32_BIT_CONVERSION = YES;
				GCC_WARN_ABOUT_RETURN_TYPE = YES_ERROR;
				GCC_WARN_UNDECLARED_SELECTOR = YES;
				GCC_WARN_UNINITIALIZED_AUTOS = YES_AGGRESSIVE;
				GCC_WARN_UNUSED_FUNCTION = YES;
				GCC_WARN_UNUSED_VARIABLE = YES;
				IPHONEOS_DEPLOYMENT_TARGET = 14.5;
				MTL_ENABLE_DEBUG_INFO = INCLUDE_SOURCE;
				MTL_FAST_MATH = YES;
				ONLY_ACTIVE_ARCH = YES;
				SDKROOT = iphoneos;
				SWIFT_ACTIVE_COMPILATION_CONDITIONS = DEBUG;
				SWIFT_OPTIMIZATION_LEVEL = "-Onone";
			};
			name = Debug;
		};
		B514062D26A307F200623AED /* Release */ = {
			isa = XCBuildConfiguration;
			buildSettings = {
				ALWAYS_SEARCH_USER_PATHS = NO;
				CLANG_ANALYZER_NONNULL = YES;
				CLANG_ANALYZER_NUMBER_OBJECT_CONVERSION = YES_AGGRESSIVE;
				CLANG_CXX_LANGUAGE_STANDARD = "gnu++14";
				CLANG_CXX_LIBRARY = "libc++";
				CLANG_ENABLE_MODULES = YES;
				CLANG_ENABLE_OBJC_ARC = YES;
				CLANG_ENABLE_OBJC_WEAK = YES;
				CLANG_WARN_BLOCK_CAPTURE_AUTORELEASING = YES;
				CLANG_WARN_BOOL_CONVERSION = YES;
				CLANG_WARN_COMMA = YES;
				CLANG_WARN_CONSTANT_CONVERSION = YES;
				CLANG_WARN_DEPRECATED_OBJC_IMPLEMENTATIONS = YES;
				CLANG_WARN_DIRECT_OBJC_ISA_USAGE = YES_ERROR;
				CLANG_WARN_DOCUMENTATION_COMMENTS = YES;
				CLANG_WARN_EMPTY_BODY = YES;
				CLANG_WARN_ENUM_CONVERSION = YES;
				CLANG_WARN_INFINITE_RECURSION = YES;
				CLANG_WARN_INT_CONVERSION = YES;
				CLANG_WARN_NON_LITERAL_NULL_CONVERSION = YES;
				CLANG_WARN_OBJC_IMPLICIT_RETAIN_SELF = YES;
				CLANG_WARN_OBJC_LITERAL_CONVERSION = YES;
				CLANG_WARN_OBJC_ROOT_CLASS = YES_ERROR;
				CLANG_WARN_QUOTED_INCLUDE_IN_FRAMEWORK_HEADER = YES;
				CLANG_WARN_RANGE_LOOP_ANALYSIS = YES;
				CLANG_WARN_STRICT_PROTOTYPES = YES;
				CLANG_WARN_SUSPICIOUS_MOVE = YES;
				CLANG_WARN_UNGUARDED_AVAILABILITY = YES_AGGRESSIVE;
				CLANG_WARN_UNREACHABLE_CODE = YES;
				CLANG_WARN__DUPLICATE_METHOD_MATCH = YES;
				COPY_PHASE_STRIP = NO;
				DEBUG_INFORMATION_FORMAT = "dwarf-with-dsym";
				ENABLE_NS_ASSERTIONS = NO;
				ENABLE_STRICT_OBJC_MSGSEND = YES;
				GCC_C_LANGUAGE_STANDARD = gnu11;
				GCC_NO_COMMON_BLOCKS = YES;
				GCC_WARN_64_TO_32_BIT_CONVERSION = YES;
				GCC_WARN_ABOUT_RETURN_TYPE = YES_ERROR;
				GCC_WARN_UNDECLARED_SELECTOR = YES;
				GCC_WARN_UNINITIALIZED_AUTOS = YES_AGGRESSIVE;
				GCC_WARN_UNUSED_FUNCTION = YES;
				GCC_WARN_UNUSED_VARIABLE = YES;
				IPHONEOS_DEPLOYMENT_TARGET = 14.5;
				MTL_ENABLE_DEBUG_INFO = NO;
				MTL_FAST_MATH = YES;
				SDKROOT = iphoneos;
				SWIFT_COMPILATION_MODE = wholemodule;
				SWIFT_OPTIMIZATION_LEVEL = "-O";
				VALIDATE_PRODUCT = YES;
			};
			name = Release;
		};
		B514062F26A307F200623AED /* Debug */ = {
			isa = XCBuildConfiguration;
			baseConfigurationReference = 84AC981BD99FF1B553BDA803 /* Pods-MySchedule.debug.xcconfig */;
			buildSettings = {
				ASSETCATALOG_COMPILER_APPICON_NAME = AppIcon;
				ASSETCATALOG_COMPILER_GLOBAL_ACCENT_COLOR_NAME = AccentColor;
				CODE_SIGN_STYLE = Automatic;
				DEVELOPMENT_TEAM = 9M22VP3W56;
				INFOPLIST_FILE = MySchedule/Resources/Info.plist;
				LD_RUNPATH_SEARCH_PATHS = (
					"$(inherited)",
					"@executable_path/Frameworks",
				);
				PRODUCT_BUNDLE_IDENTIFIER = sl.MySchedule;
				PRODUCT_NAME = "$(TARGET_NAME)";
				SWIFT_VERSION = 5.0;
				TARGETED_DEVICE_FAMILY = "1,2";
			};
			name = Debug;
		};
		B514063026A307F200623AED /* Release */ = {
			isa = XCBuildConfiguration;
			baseConfigurationReference = 80F933B642C3D63A144EB80D /* Pods-MySchedule.release.xcconfig */;
			buildSettings = {
				ASSETCATALOG_COMPILER_APPICON_NAME = AppIcon;
				ASSETCATALOG_COMPILER_GLOBAL_ACCENT_COLOR_NAME = AccentColor;
				CODE_SIGN_STYLE = Automatic;
				DEVELOPMENT_TEAM = 9M22VP3W56;
				INFOPLIST_FILE = MySchedule/Resources/Info.plist;
				LD_RUNPATH_SEARCH_PATHS = (
					"$(inherited)",
					"@executable_path/Frameworks",
				);
				PRODUCT_BUNDLE_IDENTIFIER = sl.MySchedule;
				PRODUCT_NAME = "$(TARGET_NAME)";
				SWIFT_VERSION = 5.0;
				TARGETED_DEVICE_FAMILY = "1,2";
			};
			name = Release;
		};
		B514063226A307F200623AED /* Debug */ = {
			isa = XCBuildConfiguration;
			baseConfigurationReference = 0BDC9EDCECDF73AA0E9B58CF /* Pods-MyScheduleTests.debug.xcconfig */;
			buildSettings = {
				ALWAYS_EMBED_SWIFT_STANDARD_LIBRARIES = YES;
				BUNDLE_LOADER = "$(TEST_HOST)";
				CODE_SIGN_STYLE = Automatic;
				DEVELOPMENT_TEAM = 9M22VP3W56;
				INFOPLIST_FILE = MyScheduleTests/Info.plist;
				IPHONEOS_DEPLOYMENT_TARGET = 14.5;
				LD_RUNPATH_SEARCH_PATHS = (
					"$(inherited)",
					"@executable_path/Frameworks",
					"@loader_path/Frameworks",
				);
				PRODUCT_BUNDLE_IDENTIFIER = sl.MyScheduleTests;
				PRODUCT_NAME = "$(TARGET_NAME)";
				SWIFT_VERSION = 5.0;
				TARGETED_DEVICE_FAMILY = "1,2";
				TEST_HOST = "$(BUILT_PRODUCTS_DIR)/MySchedule.app/MySchedule";
			};
			name = Debug;
		};
		B514063326A307F200623AED /* Release */ = {
			isa = XCBuildConfiguration;
			baseConfigurationReference = 35B9B9D5E07D7966C1A77755 /* Pods-MyScheduleTests.release.xcconfig */;
			buildSettings = {
				ALWAYS_EMBED_SWIFT_STANDARD_LIBRARIES = YES;
				BUNDLE_LOADER = "$(TEST_HOST)";
				CODE_SIGN_STYLE = Automatic;
				DEVELOPMENT_TEAM = 9M22VP3W56;
				INFOPLIST_FILE = MyScheduleTests/Info.plist;
				IPHONEOS_DEPLOYMENT_TARGET = 14.5;
				LD_RUNPATH_SEARCH_PATHS = (
					"$(inherited)",
					"@executable_path/Frameworks",
					"@loader_path/Frameworks",
				);
				PRODUCT_BUNDLE_IDENTIFIER = sl.MyScheduleTests;
				PRODUCT_NAME = "$(TARGET_NAME)";
				SWIFT_VERSION = 5.0;
				TARGETED_DEVICE_FAMILY = "1,2";
				TEST_HOST = "$(BUILT_PRODUCTS_DIR)/MySchedule.app/MySchedule";
			};
			name = Release;
		};
		B514063526A307F200623AED /* Debug */ = {
			isa = XCBuildConfiguration;
			baseConfigurationReference = A1DF7297FAB5C49E5A8A25D4 /* Pods-MySchedule-MyScheduleUITests.debug.xcconfig */;
			buildSettings = {
				ALWAYS_EMBED_SWIFT_STANDARD_LIBRARIES = YES;
				CODE_SIGN_STYLE = Automatic;
				DEVELOPMENT_TEAM = 9M22VP3W56;
				INFOPLIST_FILE = MyScheduleUITests/Info.plist;
				LD_RUNPATH_SEARCH_PATHS = (
					"$(inherited)",
					"@executable_path/Frameworks",
					"@loader_path/Frameworks",
				);
				PRODUCT_BUNDLE_IDENTIFIER = sl.MyScheduleUITests;
				PRODUCT_NAME = "$(TARGET_NAME)";
				SWIFT_VERSION = 5.0;
				TARGETED_DEVICE_FAMILY = "1,2";
				TEST_TARGET_NAME = MySchedule;
			};
			name = Debug;
		};
		B514063626A307F200623AED /* Release */ = {
			isa = XCBuildConfiguration;
			baseConfigurationReference = 9F6CCD7C7E5163F59D81A8D5 /* Pods-MySchedule-MyScheduleUITests.release.xcconfig */;
			buildSettings = {
				ALWAYS_EMBED_SWIFT_STANDARD_LIBRARIES = YES;
				CODE_SIGN_STYLE = Automatic;
				DEVELOPMENT_TEAM = 9M22VP3W56;
				INFOPLIST_FILE = MyScheduleUITests/Info.plist;
				LD_RUNPATH_SEARCH_PATHS = (
					"$(inherited)",
					"@executable_path/Frameworks",
					"@loader_path/Frameworks",
				);
				PRODUCT_BUNDLE_IDENTIFIER = sl.MyScheduleUITests;
				PRODUCT_NAME = "$(TARGET_NAME)";
				SWIFT_VERSION = 5.0;
				TARGETED_DEVICE_FAMILY = "1,2";
				TEST_TARGET_NAME = MySchedule;
			};
			name = Release;
		};
/* End XCBuildConfiguration section */

/* Begin XCConfigurationList section */
		B51405FF26A307EE00623AED /* Build configuration list for PBXProject "MySchedule" */ = {
			isa = XCConfigurationList;
			buildConfigurations = (
				B514062C26A307F200623AED /* Debug */,
				B514062D26A307F200623AED /* Release */,
			);
			defaultConfigurationIsVisible = 0;
			defaultConfigurationName = Release;
		};
		B514062E26A307F200623AED /* Build configuration list for PBXNativeTarget "MySchedule" */ = {
			isa = XCConfigurationList;
			buildConfigurations = (
				B514062F26A307F200623AED /* Debug */,
				B514063026A307F200623AED /* Release */,
			);
			defaultConfigurationIsVisible = 0;
			defaultConfigurationName = Release;
		};
		B514063126A307F200623AED /* Build configuration list for PBXNativeTarget "MyScheduleTests" */ = {
			isa = XCConfigurationList;
			buildConfigurations = (
				B514063226A307F200623AED /* Debug */,
				B514063326A307F200623AED /* Release */,
			);
			defaultConfigurationIsVisible = 0;
			defaultConfigurationName = Release;
		};
		B514063426A307F200623AED /* Build configuration list for PBXNativeTarget "MyScheduleUITests" */ = {
			isa = XCConfigurationList;
			buildConfigurations = (
				B514063526A307F200623AED /* Debug */,
				B514063626A307F200623AED /* Release */,
			);
			defaultConfigurationIsVisible = 0;
			defaultConfigurationName = Release;
		};
/* End XCConfigurationList section */

/* Begin XCRemoteSwiftPackageReference section */
		B5F5299327134314008BDAAA /* XCRemoteSwiftPackageReference "realm-cocoa" */ = {
			isa = XCRemoteSwiftPackageReference;
			repositoryURL = "https://github.com/realm/realm-cocoa.git";
			requirement = {
				kind = upToNextMajorVersion;
				minimumVersion = 10.17.0;
			};
		};
/* End XCRemoteSwiftPackageReference section */

/* Begin XCSwiftPackageProductDependency section */
		B5F5299427134314008BDAAA /* Realm */ = {
			isa = XCSwiftPackageProductDependency;
			package = B5F5299327134314008BDAAA /* XCRemoteSwiftPackageReference "realm-cocoa" */;
			productName = Realm;
		};
		B5F5299627134314008BDAAA /* RealmSwift */ = {
			isa = XCSwiftPackageProductDependency;
			package = B5F5299327134314008BDAAA /* XCRemoteSwiftPackageReference "realm-cocoa" */;
			productName = RealmSwift;
		};
/* End XCSwiftPackageProductDependency section */
	};
	rootObject = B51405FC26A307EE00623AED /* Project object */;
}
