// !$*UTF8*$!
{
	archiveVersion = 1;
	classes = {
	};
	objectVersion = 50;
	objects = {

/* Begin PBXBuildFile section */
		B514060826A307EE00623AED /* AppDelegate.swift in Sources */ = {isa = PBXBuildFile; fileRef = B514060726A307EE00623AED /* AppDelegate.swift */; };
		B514060A26A307EE00623AED /* SceneDelegate.swift in Sources */ = {isa = PBXBuildFile; fileRef = B514060926A307EE00623AED /* SceneDelegate.swift */; };
		B514060C26A307EE00623AED /* MainTabBarController.swift in Sources */ = {isa = PBXBuildFile; fileRef = B514060B26A307EE00623AED /* MainTabBarController.swift */; };
		B514061126A307F200623AED /* Assets.xcassets in Resources */ = {isa = PBXBuildFile; fileRef = B514061026A307F200623AED /* Assets.xcassets */; };
		B514061426A307F200623AED /* LaunchScreen.storyboard in Resources */ = {isa = PBXBuildFile; fileRef = B514061226A307F200623AED /* LaunchScreen.storyboard */; };
		B514061F26A307F200623AED /* MyScheduleTests.swift in Sources */ = {isa = PBXBuildFile; fileRef = B514061E26A307F200623AED /* MyScheduleTests.swift */; };
		B514062A26A307F200623AED /* MyScheduleUITests.swift in Sources */ = {isa = PBXBuildFile; fileRef = B514062926A307F200623AED /* MyScheduleUITests.swift */; };
		B514063B26A30E4F00623AED /* ScheduleViewController.swift in Sources */ = {isa = PBXBuildFile; fileRef = B514063A26A30E4F00623AED /* ScheduleViewController.swift */; };
		B514063D26A30EA700623AED /* TasksViewController.swift in Sources */ = {isa = PBXBuildFile; fileRef = B514063C26A30EA700623AED /* TasksViewController.swift */; };
		B514063F26A30EE100623AED /* ContactsViewController.swift in Sources */ = {isa = PBXBuildFile; fileRef = B514063E26A30EE100623AED /* ContactsViewController.swift */; };
/* End PBXBuildFile section */

/* Begin PBXContainerItemProxy section */
		B514061B26A307F200623AED /* PBXContainerItemProxy */ = {
			isa = PBXContainerItemProxy;
			containerPortal = B51405FC26A307EE00623AED /* Project object */;
			proxyType = 1;
			remoteGlobalIDString = B514060326A307EE00623AED;
			remoteInfo = MySchedule;
		};
		B514062626A307F200623AED /* PBXContainerItemProxy */ = {
			isa = PBXContainerItemProxy;
			containerPortal = B51405FC26A307EE00623AED /* Project object */;
			proxyType = 1;
			remoteGlobalIDString = B514060326A307EE00623AED;
			remoteInfo = MySchedule;
		};
/* End PBXContainerItemProxy section */

/* Begin PBXFileReference section */
		B514060426A307EE00623AED /* MySchedule.app */ = {isa = PBXFileReference; explicitFileType = wrapper.application; includeInIndex = 0; path = MySchedule.app; sourceTree = BUILT_PRODUCTS_DIR; };
		B514060726A307EE00623AED /* AppDelegate.swift */ = {isa = PBXFileReference; lastKnownFileType = sourcecode.swift; path = AppDelegate.swift; sourceTree = "<group>"; };
		B514060926A307EE00623AED /* SceneDelegate.swift */ = {isa = PBXFileReference; lastKnownFileType = sourcecode.swift; path = SceneDelegate.swift; sourceTree = "<group>"; };
		B514060B26A307EE00623AED /* MainTabBarController.swift */ = {isa = PBXFileReference; lastKnownFileType = sourcecode.swift; path = MainTabBarController.swift; sourceTree = "<group>"; };
		B514061026A307F200623AED /* Assets.xcassets */ = {isa = PBXFileReference; lastKnownFileType = folder.assetcatalog; path = Assets.xcassets; sourceTree = "<group>"; };
		B514061326A307F200623AED /* Base */ = {isa = PBXFileReference; lastKnownFileType = file.storyboard; name = Base; path = Base.lproj/LaunchScreen.storyboard; sourceTree = "<group>"; };
		B514061526A307F200623AED /* Info.plist */ = {isa = PBXFileReference; lastKnownFileType = text.plist.xml; path = Info.plist; sourceTree = "<group>"; };
		B514061A26A307F200623AED /* MyScheduleTests.xctest */ = {isa = PBXFileReference; explicitFileType = wrapper.cfbundle; includeInIndex = 0; path = MyScheduleTests.xctest; sourceTree = BUILT_PRODUCTS_DIR; };
		B514061E26A307F200623AED /* MyScheduleTests.swift */ = {isa = PBXFileReference; lastKnownFileType = sourcecode.swift; path = MyScheduleTests.swift; sourceTree = "<group>"; };
		B514062026A307F200623AED /* Info.plist */ = {isa = PBXFileReference; lastKnownFileType = text.plist.xml; path = Info.plist; sourceTree = "<group>"; };
		B514062526A307F200623AED /* MyScheduleUITests.xctest */ = {isa = PBXFileReference; explicitFileType = wrapper.cfbundle; includeInIndex = 0; path = MyScheduleUITests.xctest; sourceTree = BUILT_PRODUCTS_DIR; };
		B514062926A307F200623AED /* MyScheduleUITests.swift */ = {isa = PBXFileReference; lastKnownFileType = sourcecode.swift; path = MyScheduleUITests.swift; sourceTree = "<group>"; };
		B514062B26A307F200623AED /* Info.plist */ = {isa = PBXFileReference; lastKnownFileType = text.plist.xml; path = Info.plist; sourceTree = "<group>"; };
		B514063A26A30E4F00623AED /* ScheduleViewController.swift */ = {isa = PBXFileReference; lastKnownFileType = sourcecode.swift; path = ScheduleViewController.swift; sourceTree = "<group>"; };
		B514063C26A30EA700623AED /* TasksViewController.swift */ = {isa = PBXFileReference; lastKnownFileType = sourcecode.swift; path = TasksViewController.swift; sourceTree = "<group>"; };
		B514063E26A30EE100623AED /* ContactsViewController.swift */ = {isa = PBXFileReference; lastKnownFileType = sourcecode.swift; path = ContactsViewController.swift; sourceTree = "<group>"; };
/* End PBXFileReference section */

/* Begin PBXFrameworksBuildPhase section */
		B514060126A307EE00623AED /* Frameworks */ = {
			isa = PBXFrameworksBuildPhase;
			buildActionMask = 2147483647;
			files = (
			);
			runOnlyForDeploymentPostprocessing = 0;
		};
		B514061726A307F200623AED /* Frameworks */ = {
			isa = PBXFrameworksBuildPhase;
			buildActionMask = 2147483647;
			files = (
			);
			runOnlyForDeploymentPostprocessing = 0;
		};
		B514062226A307F200623AED /* Frameworks */ = {
			isa = PBXFrameworksBuildPhase;
			buildActionMask = 2147483647;
			files = (
			);
			runOnlyForDeploymentPostprocessing = 0;
		};
/* End PBXFrameworksBuildPhase section */

/* Begin PBXGroup section */
		B51405FB26A307EE00623AED = {
			isa = PBXGroup;
			children = (
				B514060626A307EE00623AED /* MySchedule */,
				B514061D26A307F200623AED /* MyScheduleTests */,
				B514062826A307F200623AED /* MyScheduleUITests */,
				B514060526A307EE00623AED /* Products */,
			);
			sourceTree = "<group>";
		};
		B514060526A307EE00623AED /* Products */ = {
			isa = PBXGroup;
			children = (
				B514060426A307EE00623AED /* MySchedule.app */,
				B514061A26A307F200623AED /* MyScheduleTests.xctest */,
				B514062526A307F200623AED /* MyScheduleUITests.xctest */,
			);
			name = Products;
			sourceTree = "<group>";
		};
		B514060626A307EE00623AED /* MySchedule */ = {
			isa = PBXGroup;
			children = (
				B514063926A308B000623AED /* Application */,
				B514063726A3086B00623AED /* Controllers */,
				B514063826A3087400623AED /* Resources */,
			);
			path = MySchedule;
			sourceTree = "<group>";
		};
		B514061D26A307F200623AED /* MyScheduleTests */ = {
			isa = PBXGroup;
			children = (
				B514061E26A307F200623AED /* MyScheduleTests.swift */,
				B514062026A307F200623AED /* Info.plist */,
			);
			path = MyScheduleTests;
			sourceTree = "<group>";
		};
		B514062826A307F200623AED /* MyScheduleUITests */ = {
			isa = PBXGroup;
			children = (
				B514062926A307F200623AED /* MyScheduleUITests.swift */,
				B514062B26A307F200623AED /* Info.plist */,
			);
			path = MyScheduleUITests;
			sourceTree = "<group>";
		};
		B514063726A3086B00623AED /* Controllers */ = {
			isa = PBXGroup;
			children = (
				B514060B26A307EE00623AED /* MainTabBarController.swift */,
				B514063A26A30E4F00623AED /* ScheduleViewController.swift */,
				B514063C26A30EA700623AED /* TasksViewController.swift */,
				B514063E26A30EE100623AED /* ContactsViewController.swift */,
			);
			path = Controllers;
			sourceTree = "<group>";
		};
		B514063826A3087400623AED /* Resources */ = {
			isa = PBXGroup;
			children = (
				B514061026A307F200623AED /* Assets.xcassets */,
				B514061226A307F200623AED /* LaunchScreen.storyboard */,
				B514061526A307F200623AED /* Info.plist */,
			);
			path = Resources;
			sourceTree = "<group>";
		};
		B514063926A308B000623AED /* Application */ = {
			isa = PBXGroup;
			children = (
				B514060726A307EE00623AED /* AppDelegate.swift */,
				B514060926A307EE00623AED /* SceneDelegate.swift */,
			);
			path = Application;
			sourceTree = "<group>";
		};
/* End PBXGroup section */

/* Begin PBXNativeTarget section */
		B514060326A307EE00623AED /* MySchedule */ = {
			isa = PBXNativeTarget;
			buildConfigurationList = B514062E26A307F200623AED /* Build configuration list for PBXNativeTarget "MySchedule" */;
			buildPhases = (
				B514060026A307EE00623AED /* Sources */,
				B514060126A307EE00623AED /* Frameworks */,
				B514060226A307EE00623AED /* Resources */,
			);
			buildRules = (
			);
			dependencies = (
			);
			name = MySchedule;
			productName = MySchedule;
			productReference = B514060426A307EE00623AED /* MySchedule.app */;
			productType = "com.apple.product-type.application";
		};
		B514061926A307F200623AED /* MyScheduleTests */ = {
			isa = PBXNativeTarget;
			buildConfigurationList = B514063126A307F200623AED /* Build configuration list for PBXNativeTarget "MyScheduleTests" */;
			buildPhases = (
				B514061626A307F200623AED /* Sources */,
				B514061726A307F200623AED /* Frameworks */,
				B514061826A307F200623AED /* Resources */,
			);
			buildRules = (
			);
			dependencies = (
				B514061C26A307F200623AED /* PBXTargetDependency */,
			);
			name = MyScheduleTests;
			productName = MyScheduleTests;
			productReference = B514061A26A307F200623AED /* MyScheduleTests.xctest */;
			productType = "com.apple.product-type.bundle.unit-test";
		};
		B514062426A307F200623AED /* MyScheduleUITests */ = {
			isa = PBXNativeTarget;
			buildConfigurationList = B514063426A307F200623AED /* Build configuration list for PBXNativeTarget "MyScheduleUITests" */;
			buildPhases = (
				B514062126A307F200623AED /* Sources */,
				B514062226A307F200623AED /* Frameworks */,
				B514062326A307F200623AED /* Resources */,
			);
			buildRules = (
			);
			dependencies = (
				B514062726A307F200623AED /* PBXTargetDependency */,
			);
			name = MyScheduleUITests;
			productName = MyScheduleUITests;
			productReference = B514062526A307F200623AED /* MyScheduleUITests.xctest */;
			productType = "com.apple.product-type.bundle.ui-testing";
		};
/* End PBXNativeTarget section */

/* Begin PBXProject section */
		B51405FC26A307EE00623AED /* Project object */ = {
			isa = PBXProject;
			attributes = {
				LastSwiftUpdateCheck = 1250;
				LastUpgradeCheck = 1250;
				TargetAttributes = {
					B514060326A307EE00623AED = {
						CreatedOnToolsVersion = 12.5.1;
					};
					B514061926A307F200623AED = {
						CreatedOnToolsVersion = 12.5.1;
						TestTargetID = B514060326A307EE00623AED;
					};
					B514062426A307F200623AED = {
						CreatedOnToolsVersion = 12.5.1;
						TestTargetID = B514060326A307EE00623AED;
					};
				};
			};
			buildConfigurationList = B51405FF26A307EE00623AED /* Build configuration list for PBXProject "MySchedule" */;
			compatibilityVersion = "Xcode 9.3";
			developmentRegion = en;
			hasScannedForEncodings = 0;
			knownRegions = (
				en,
				Base,
			);
			mainGroup = B51405FB26A307EE00623AED;
			productRefGroup = B514060526A307EE00623AED /* Products */;
			projectDirPath = "";
			projectRoot = "";
			targets = (
				B514060326A307EE00623AED /* MySchedule */,
				B514061926A307F200623AED /* MyScheduleTests */,
				B514062426A307F200623AED /* MyScheduleUITests */,
			);
		};
/* End PBXProject section */

/* Begin PBXResourcesBuildPhase section */
		B514060226A307EE00623AED /* Resources */ = {
			isa = PBXResourcesBuildPhase;
			buildActionMask = 2147483647;
			files = (
				B514061426A307F200623AED /* LaunchScreen.storyboard in Resources */,
				B514061126A307F200623AED /* Assets.xcassets in Resources */,
			);
			runOnlyForDeploymentPostprocessing = 0;
		};
		B514061826A307F200623AED /* Resources */ = {
			isa = PBXResourcesBuildPhase;
			buildActionMask = 2147483647;
			files = (
			);
			runOnlyForDeploymentPostprocessing = 0;
		};
		B514062326A307F200623AED /* Resources */ = {
			isa = PBXResourcesBuildPhase;
			buildActionMask = 2147483647;
			files = (
			);
			runOnlyForDeploymentPostprocessing = 0;
		};
/* End PBXResourcesBuildPhase section */

/* Begin PBXSourcesBuildPhase section */
		B514060026A307EE00623AED /* Sources */ = {
			isa = PBXSourcesBuildPhase;
			buildActionMask = 2147483647;
			files = (
				B514060C26A307EE00623AED /* MainTabBarController.swift in Sources */,
				B514060826A307EE00623AED /* AppDelegate.swift in Sources */,
				B514063D26A30EA700623AED /* TasksViewController.swift in Sources */,
				B514060A26A307EE00623AED /* SceneDelegate.swift in Sources */,
				B514063B26A30E4F00623AED /* ScheduleViewController.swift in Sources */,
				B514063F26A30EE100623AED /* ContactsViewController.swift in Sources */,
			);
			runOnlyForDeploymentPostprocessing = 0;
		};
		B514061626A307F200623AED /* Sources */ = {
			isa = PBXSourcesBuildPhase;
			buildActionMask = 2147483647;
			files = (
				B514061F26A307F200623AED /* MyScheduleTests.swift in Sources */,
			);
			runOnlyForDeploymentPostprocessing = 0;
		};
		B514062126A307F200623AED /* Sources */ = {
			isa = PBXSourcesBuildPhase;
			buildActionMask = 2147483647;
			files = (
				B514062A26A307F200623AED /* MyScheduleUITests.swift in Sources */,
			);
			runOnlyForDeploymentPostprocessing = 0;
		};
/* End PBXSourcesBuildPhase section */

/* Begin PBXTargetDependency section */
		B514061C26A307F200623AED /* PBXTargetDependency */ = {
			isa = PBXTargetDependency;
			target = B514060326A307EE00623AED /* MySchedule */;
			targetProxy = B514061B26A307F200623AED /* PBXContainerItemProxy */;
		};
		B514062726A307F200623AED /* PBXTargetDependency */ = {
			isa = PBXTargetDependency;
			target = B514060326A307EE00623AED /* MySchedule */;
			targetProxy = B514062626A307F200623AED /* PBXContainerItemProxy */;
		};
/* End PBXTargetDependency section */

/* Begin PBXVariantGroup section */
		B514061226A307F200623AED /* LaunchScreen.storyboard */ = {
			isa = PBXVariantGroup;
			children = (
				B514061326A307F200623AED /* Base */,
			);
			name = LaunchScreen.storyboard;
			sourceTree = "<group>";
		};
/* End PBXVariantGroup section */

/* Begin XCBuildConfiguration section */
		B514062C26A307F200623AED /* Debug */ = {
			isa = XCBuildConfiguration;
			buildSettings = {
				ALWAYS_SEARCH_USER_PATHS = NO;
				CLANG_ANALYZER_NONNULL = YES;
				CLANG_ANALYZER_NUMBER_OBJECT_CONVERSION = YES_AGGRESSIVE;
				CLANG_CXX_LANGUAGE_STANDARD = "gnu++14";
				CLANG_CXX_LIBRARY = "libc++";
				CLANG_ENABLE_MODULES = YES;
				CLANG_ENABLE_OBJC_ARC = YES;
				CLANG_ENABLE_OBJC_WEAK = YES;
				CLANG_WARN_BLOCK_CAPTURE_AUTORELEASING = YES;
				CLANG_WARN_BOOL_CONVERSION = YES;
				CLANG_WARN_COMMA = YES;
				CLANG_WARN_CONSTANT_CONVERSION = YES;
				CLANG_WARN_DEPRECATED_OBJC_IMPLEMENTATIONS = YES;
				CLANG_WARN_DIRECT_OBJC_ISA_USAGE = YES_ERROR;
				CLANG_WARN_DOCUMENTATION_COMMENTS = YES;
				CLANG_WARN_EMPTY_BODY = YES;
				CLANG_WARN_ENUM_CONVERSION = YES;
				CLANG_WARN_INFINITE_RECURSION = YES;
				CLANG_WARN_INT_CONVERSION = YES;
				CLANG_WARN_NON_LITERAL_NULL_CONVERSION = YES;
				CLANG_WARN_OBJC_IMPLICIT_RETAIN_SELF = YES;
				CLANG_WARN_OBJC_LITERAL_CONVERSION = YES;
				CLANG_WARN_OBJC_ROOT_CLASS = YES_ERROR;
				CLANG_WARN_QUOTED_INCLUDE_IN_FRAMEWORK_HEADER = YES;
				CLANG_WARN_RANGE_LOOP_ANALYSIS = YES;
				CLANG_WARN_STRICT_PROTOTYPES = YES;
				CLANG_WARN_SUSPICIOUS_MOVE = YES;
				CLANG_WARN_UNGUARDED_AVAILABILITY = YES_AGGRESSIVE;
				CLANG_WARN_UNREACHABLE_CODE = YES;
				CLANG_WARN__DUPLICATE_METHOD_MATCH = YES;
				COPY_PHASE_STRIP = NO;
				DEBUG_INFORMATION_FORMAT = dwarf;
				ENABLE_STRICT_OBJC_MSGSEND = YES;
				ENABLE_TESTABILITY = YES;
				GCC_C_LANGUAGE_STANDARD = gnu11;
				GCC_DYNAMIC_NO_PIC = NO;
				GCC_NO_COMMON_BLOCKS = YES;
				GCC_OPTIMIZATION_LEVEL = 0;
				GCC_PREPROCESSOR_DEFINITIONS = (
					"DEBUG=1",
					"$(inherited)",
				);
				GCC_WARN_64_TO_32_BIT_CONVERSION = YES;
				GCC_WARN_ABOUT_RETURN_TYPE = YES_ERROR;
				GCC_WARN_UNDECLARED_SELECTOR = YES;
				GCC_WARN_UNINITIALIZED_AUTOS = YES_AGGRESSIVE;
				GCC_WARN_UNUSED_FUNCTION = YES;
				GCC_WARN_UNUSED_VARIABLE = YES;
				IPHONEOS_DEPLOYMENT_TARGET = 14.5;
				MTL_ENABLE_DEBUG_INFO = INCLUDE_SOURCE;
				MTL_FAST_MATH = YES;
				ONLY_ACTIVE_ARCH = YES;
				SDKROOT = iphoneos;
				SWIFT_ACTIVE_COMPILATION_CONDITIONS = DEBUG;
				SWIFT_OPTIMIZATION_LEVEL = "-Onone";
			};
			name = Debug;
		};
		B514062D26A307F200623AED /* Release */ = {
			isa = XCBuildConfiguration;
			buildSettings = {
				ALWAYS_SEARCH_USER_PATHS = NO;
				CLANG_ANALYZER_NONNULL = YES;
				CLANG_ANALYZER_NUMBER_OBJECT_CONVERSION = YES_AGGRESSIVE;
				CLANG_CXX_LANGUAGE_STANDARD = "gnu++14";
				CLANG_CXX_LIBRARY = "libc++";
				CLANG_ENABLE_MODULES = YES;
				CLANG_ENABLE_OBJC_ARC = YES;
				CLANG_ENABLE_OBJC_WEAK = YES;
				CLANG_WARN_BLOCK_CAPTURE_AUTORELEASING = YES;
				CLANG_WARN_BOOL_CONVERSION = YES;
				CLANG_WARN_COMMA = YES;
				CLANG_WARN_CONSTANT_CONVERSION = YES;
				CLANG_WARN_DEPRECATED_OBJC_IMPLEMENTATIONS = YES;
				CLANG_WARN_DIRECT_OBJC_ISA_USAGE = YES_ERROR;
				CLANG_WARN_DOCUMENTATION_COMMENTS = YES;
				CLANG_WARN_EMPTY_BODY = YES;
				CLANG_WARN_ENUM_CONVERSION = YES;
				CLANG_WARN_INFINITE_RECURSION = YES;
				CLANG_WARN_INT_CONVERSION = YES;
				CLANG_WARN_NON_LITERAL_NULL_CONVERSION = YES;
				CLANG_WARN_OBJC_IMPLICIT_RETAIN_SELF = YES;
				CLANG_WARN_OBJC_LITERAL_CONVERSION = YES;
				CLANG_WARN_OBJC_ROOT_CLASS = YES_ERROR;
				CLANG_WARN_QUOTED_INCLUDE_IN_FRAMEWORK_HEADER = YES;
				CLANG_WARN_RANGE_LOOP_ANALYSIS = YES;
				CLANG_WARN_STRICT_PROTOTYPES = YES;
				CLANG_WARN_SUSPICIOUS_MOVE = YES;
				CLANG_WARN_UNGUARDED_AVAILABILITY = YES_AGGRESSIVE;
				CLANG_WARN_UNREACHABLE_CODE = YES;
				CLANG_WARN__DUPLICATE_METHOD_MATCH = YES;
				COPY_PHASE_STRIP = NO;
				DEBUG_INFORMATION_FORMAT = "dwarf-with-dsym";
				ENABLE_NS_ASSERTIONS = NO;
				ENABLE_STRICT_OBJC_MSGSEND = YES;
				GCC_C_LANGUAGE_STANDARD = gnu11;
				GCC_NO_COMMON_BLOCKS = YES;
				GCC_WARN_64_TO_32_BIT_CONVERSION = YES;
				GCC_WARN_ABOUT_RETURN_TYPE = YES_ERROR;
				GCC_WARN_UNDECLARED_SELECTOR = YES;
				GCC_WARN_UNINITIALIZED_AUTOS = YES_AGGRESSIVE;
				GCC_WARN_UNUSED_FUNCTION = YES;
				GCC_WARN_UNUSED_VARIABLE = YES;
				IPHONEOS_DEPLOYMENT_TARGET = 14.5;
				MTL_ENABLE_DEBUG_INFO = NO;
				MTL_FAST_MATH = YES;
				SDKROOT = iphoneos;
				SWIFT_COMPILATION_MODE = wholemodule;
				SWIFT_OPTIMIZATION_LEVEL = "-O";
				VALIDATE_PRODUCT = YES;
			};
			name = Release;
		};
		B514062F26A307F200623AED /* Debug */ = {
			isa = XCBuildConfiguration;
			buildSettings = {
				ASSETCATALOG_COMPILER_APPICON_NAME = AppIcon;
				ASSETCATALOG_COMPILER_GLOBAL_ACCENT_COLOR_NAME = AccentColor;
				CODE_SIGN_STYLE = Automatic;
				DEVELOPMENT_TEAM = 9M22VP3W56;
				INFOPLIST_FILE = MySchedule/Resources/Info.plist;
				LD_RUNPATH_SEARCH_PATHS = (
					"$(inherited)",
					"@executable_path/Frameworks",
				);
				PRODUCT_BUNDLE_IDENTIFIER = sl.MySchedule;
				PRODUCT_NAME = "$(TARGET_NAME)";
				SWIFT_VERSION = 5.0;
				TARGETED_DEVICE_FAMILY = "1,2";
			};
			name = Debug;
		};
		B514063026A307F200623AED /* Release */ = {
			isa = XCBuildConfiguration;
			buildSettings = {
				ASSETCATALOG_COMPILER_APPICON_NAME = AppIcon;
				ASSETCATALOG_COMPILER_GLOBAL_ACCENT_COLOR_NAME = AccentColor;
				CODE_SIGN_STYLE = Automatic;
				DEVELOPMENT_TEAM = 9M22VP3W56;
				INFOPLIST_FILE = MySchedule/Resources/Info.plist;
				LD_RUNPATH_SEARCH_PATHS = (
					"$(inherited)",
					"@executable_path/Frameworks",
				);
				PRODUCT_BUNDLE_IDENTIFIER = sl.MySchedule;
				PRODUCT_NAME = "$(TARGET_NAME)";
				SWIFT_VERSION = 5.0;
				TARGETED_DEVICE_FAMILY = "1,2";
			};
			name = Release;
		};
		B514063226A307F200623AED /* Debug */ = {
			isa = XCBuildConfiguration;
			buildSettings = {
				ALWAYS_EMBED_SWIFT_STANDARD_LIBRARIES = YES;
				BUNDLE_LOADER = "$(TEST_HOST)";
				CODE_SIGN_STYLE = Automatic;
				DEVELOPMENT_TEAM = 9M22VP3W56;
				INFOPLIST_FILE = MyScheduleTests/Info.plist;
				IPHONEOS_DEPLOYMENT_TARGET = 14.5;
				LD_RUNPATH_SEARCH_PATHS = (
					"$(inherited)",
					"@executable_path/Frameworks",
					"@loader_path/Frameworks",
				);
				PRODUCT_BUNDLE_IDENTIFIER = sl.MyScheduleTests;
				PRODUCT_NAME = "$(TARGET_NAME)";
				SWIFT_VERSION = 5.0;
				TARGETED_DEVICE_FAMILY = "1,2";
				TEST_HOST = "$(BUILT_PRODUCTS_DIR)/MySchedule.app/MySchedule";
			};
			name = Debug;
		};
		B514063326A307F200623AED /* Release */ = {
			isa = XCBuildConfiguration;
			buildSettings = {
				ALWAYS_EMBED_SWIFT_STANDARD_LIBRARIES = YES;
				BUNDLE_LOADER = "$(TEST_HOST)";
				CODE_SIGN_STYLE = Automatic;
				DEVELOPMENT_TEAM = 9M22VP3W56;
				INFOPLIST_FILE = MyScheduleTests/Info.plist;
				IPHONEOS_DEPLOYMENT_TARGET = 14.5;
				LD_RUNPATH_SEARCH_PATHS = (
					"$(inherited)",
					"@executable_path/Frameworks",
					"@loader_path/Frameworks",
				);
				PRODUCT_BUNDLE_IDENTIFIER = sl.MyScheduleTests;
				PRODUCT_NAME = "$(TARGET_NAME)";
				SWIFT_VERSION = 5.0;
				TARGETED_DEVICE_FAMILY = "1,2";
				TEST_HOST = "$(BUILT_PRODUCTS_DIR)/MySchedule.app/MySchedule";
			};
			name = Release;
		};
		B514063526A307F200623AED /* Debug */ = {
			isa = XCBuildConfiguration;
			buildSettings = {
				ALWAYS_EMBED_SWIFT_STANDARD_LIBRARIES = YES;
				CODE_SIGN_STYLE = Automatic;
				DEVELOPMENT_TEAM = 9M22VP3W56;
				INFOPLIST_FILE = MyScheduleUITests/Info.plist;
				LD_RUNPATH_SEARCH_PATHS = (
					"$(inherited)",
					"@executable_path/Frameworks",
					"@loader_path/Frameworks",
				);
				PRODUCT_BUNDLE_IDENTIFIER = sl.MyScheduleUITests;
				PRODUCT_NAME = "$(TARGET_NAME)";
				SWIFT_VERSION = 5.0;
				TARGETED_DEVICE_FAMILY = "1,2";
				TEST_TARGET_NAME = MySchedule;
			};
			name = Debug;
		};
		B514063626A307F200623AED /* Release */ = {
			isa = XCBuildConfiguration;
			buildSettings = {
				ALWAYS_EMBED_SWIFT_STANDARD_LIBRARIES = YES;
				CODE_SIGN_STYLE = Automatic;
				DEVELOPMENT_TEAM = 9M22VP3W56;
				INFOPLIST_FILE = MyScheduleUITests/Info.plist;
				LD_RUNPATH_SEARCH_PATHS = (
					"$(inherited)",
					"@executable_path/Frameworks",
					"@loader_path/Frameworks",
				);
				PRODUCT_BUNDLE_IDENTIFIER = sl.MyScheduleUITests;
				PRODUCT_NAME = "$(TARGET_NAME)";
				SWIFT_VERSION = 5.0;
				TARGETED_DEVICE_FAMILY = "1,2";
				TEST_TARGET_NAME = MySchedule;
			};
			name = Release;
		};
/* End XCBuildConfiguration section */

/* Begin XCConfigurationList section */
		B51405FF26A307EE00623AED /* Build configuration list for PBXProject "MySchedule" */ = {
			isa = XCConfigurationList;
			buildConfigurations = (
				B514062C26A307F200623AED /* Debug */,
				B514062D26A307F200623AED /* Release */,
			);
			defaultConfigurationIsVisible = 0;
			defaultConfigurationName = Release;
		};
		B514062E26A307F200623AED /* Build configuration list for PBXNativeTarget "MySchedule" */ = {
			isa = XCConfigurationList;
			buildConfigurations = (
				B514062F26A307F200623AED /* Debug */,
				B514063026A307F200623AED /* Release */,
			);
			defaultConfigurationIsVisible = 0;
			defaultConfigurationName = Release;
		};
		B514063126A307F200623AED /* Build configuration list for PBXNativeTarget "MyScheduleTests" */ = {
			isa = XCConfigurationList;
			buildConfigurations = (
				B514063226A307F200623AED /* Debug */,
				B514063326A307F200623AED /* Release */,
			);
			defaultConfigurationIsVisible = 0;
			defaultConfigurationName = Release;
		};
		B514063426A307F200623AED /* Build configuration list for PBXNativeTarget "MyScheduleUITests" */ = {
			isa = XCConfigurationList;
			buildConfigurations = (
				B514063526A307F200623AED /* Debug */,
				B514063626A307F200623AED /* Release */,
			);
			defaultConfigurationIsVisible = 0;
			defaultConfigurationName = Release;
		};
/* End XCConfigurationList section */
	};
	rootObject = B51405FC26A307EE00623AED /* Project object */;
}
